name: Flake
on:
  workflow_dispatch: # allows manual triggering
  schedule:
    - cron: '0 7 * * *'

permissions:
  contents: write
  pull-requests: write

jobs:
  lockfile:
    runs-on: ubuntu-latest
    steps:
      - uses: actions/create-github-app-token@v2
        id: generate-token
        with:
          app-id: ${{ secrets.MMA_APP_ID }}
          private-key: ${{ secrets.MMA_PRIVATE_KEY }}
      - uses: actions/checkout@v5
      - name: Check Nix flake inputs
        uses: DeterminateSystems/flake-checker-action@main
        with:
          fail-mode: true
          ignore-missing-flake-lock: false
          send-statistics: false
      - name: Install Nix
        uses: DeterminateSystems/determinate-nix-action@v3
        with:
          github-token: ${{ steps.generate-token.outputs.token }}
      #- uses: DeterminateSystems/magic-nix-cache-action@main
      #  with:
      #    diagnostic-endpoint: ''
      #    use-flakehub: false
      - id: update
        name: Update flake inputs
        uses: DeterminateSystems/update-flake-lock@v27
        with:
          nix-options: --accept-flake-config
          commit-msg: 'build(flake.lock): update flake.lock'
          github-token: ${{ steps.generate-token.outputs.token }}
